{
  "name": "mimo-codex-bridge",
  "version": "2.5.0",
  "lockfileVersion": 3,
  "requires": true,
  "packages": {
    "": {
      "name": "mimo-codex-bridge",
      "version": "2.5.0",
      "dependencies": {
        "tokenx": "2.1.0"
      },
      "engines": {
        "node": ">=18"
      }
    },
    "node_modules/tokenx": {
      "version": "2.1.0",
      "resolved": "https://registry.npmjs.org/tokenx/-/tokenx-2.1.0.tgz",
      "integrity": "sha512-iHhqfDuFFbMWHGfjEnVALgatV10KqcO5W5Fl99fYJmFjhE57JXPdnFrDlp6BTFIMmbbazsCg/lZYpJ2mPsPeQQ==",
      "license": "MIT",
      "bin": {
        "tokenx": "bin/tokenx.mjs"
      }
    }
  }
}
